{
    "_readme": [
        "This file locks the dependencies of your project to a known state",
        "Read more about it at https://getcomposer.org/doc/01-basic-usage.md#installing-dependencies",
        "This file is @generated automatically"
    ],
    "content-hash": "c1a838589fe6bd8a427e6e1891748f53",
    "packages": [
        {
            "name": "ehsanx64/phplib",
            "version": "2.0.1",
            "source": {
                "type": "git",
                "url": "https://github.com/ehsanx64/phplib.git",
                "reference": "91653511b37eba0a7da913a2b6c2261a0799f2c9"
            },
            "dist": {
                "type": "zip",
                "url": "https://api.github.com/repos/ehsanx64/phplib/zipball/91653511b37eba0a7da913a2b6c2261a0799f2c9",
                "reference": "91653511b37eba0a7da913a2b6c2261a0799f2c9",
                "shasum": ""
            },
            "require": {
                "php": ">=5.4.0"
            },
            "type": "library",
            "autoload": {
                "psr-4": {
                    "ehsanx64\\phplib\\": ""
                }
            },
            "notification-url": "https://packagist.org/downloads/",
            "license": [
                "MIT"
            ],
            "authors": [
                {
                    "name": "Ehsan Mohammadi",
                    "email": "admin@ehsanm.net",
                    "homepage": "http://ehsanm.net",
                    "role": "Developer"
                }
            ],
            "description": "General Purpose PHP Library",
            "homepage": "https://github.com/ehsanx64/phplib",
            "keywords": [
                "general",
                "utility"
            ],
            "time": "2018-12-28T08:36:06+00:00"
        }
    ],
    "packages-dev": [],
    "aliases": [],
    "minimum-stability": "stable",
    "stability-flags": [],
    "prefer-stable": false,
    "prefer-lowest": false,
    "platform": [],
    "platform-dev": []
}
